
Microsoft Visual Studio Solution File, Format Version 12.00
# Visual Studio Version 17
VisualStudioVersion = 17.12.35707.178 d17.12
MinimumVisualStudioVersion = 10.0.40219.1
Project("{FAE04EC0-301F-11D3-BF4B-00C04F79EFBC}") = "EpamTestAutomationTask", "EpamTestAutomationTask.csproj", "{CA5A44D7-1090-4F53-A0C8-12DD9B7B5A20}"
EndProject
Global
	GlobalSection(SolutionConfigurationPlatforms) = preSolution
		Debug|Any CPU = Debug|Any CPU
		Release|Any CPU = Release|Any CPU
	EndGlobalSection
	GlobalSection(ProjectConfigurationPlatforms) = postSolution
		{CA5A44D7-1090-4F53-A0C8-12DD9B7B5A20}.Debug|Any CPU.ActiveCfg = Debug|Any CPU
		{CA5A44D7-1090-4F53-A0C8-12DD9B7B5A20}.Debug|Any CPU.Build.0 = Debug|Any CPU
		{CA5A44D7-1090-4F53-A0C8-12DD9B7B5A20}.Release|Any CPU.ActiveCfg = Release|Any CPU
		{CA5A44D7-1090-4F53-A0C8-12DD9B7B5A20}.Release|Any CPU.Build.0 = Release|Any CPU
	EndGlobalSection
	GlobalSection(SolutionProperties) = preSolution
		HideSolutionNode = FALSE
	EndGlobalSection
EndGlobal
